
Microsoft Visual Studio Solution File, Format Version 12.00
# Visual Studio 15
VisualStudioVersion = 15.0.26430.13
MinimumVisualStudioVersion = 10.0.40219.1
Project("{2150E333-8FDC-42A3-9474-1A3956D46DE8}") = "src", "src", "{ED11D727-2C0E-4877-B71B-EEED28A7C9F2}"
EndProject
Project("{FAE04EC0-301F-11D3-BF4B-00C04F79EFBC}") = "MVCalcNetCoreAPI2", "src\MVCalcNetCoreAPI2\MVCalcNetCoreAPI2.csproj", "{1108925D-16F3-4D43-9DD0-C5A2546A1846}"
EndProject
Project("{2150E333-8FDC-42A3-9474-1A3956D46DE8}") = "tests", "tests", "{6C34DB89-5CB1-4672-9387-D861987656F7}"
EndProject
Global
	GlobalSection(SolutionConfigurationPlatforms) = preSolution
		Debug|Any CPU = Debug|Any CPU
		Release|Any CPU = Release|Any CPU
	EndGlobalSection
	GlobalSection(ProjectConfigurationPlatforms) = postSolution
		{1108925D-16F3-4D43-9DD0-C5A2546A1846}.Debug|Any CPU.ActiveCfg = Debug|Any CPU
		{1108925D-16F3-4D43-9DD0-C5A2546A1846}.Debug|Any CPU.Build.0 = Debug|Any CPU
		{1108925D-16F3-4D43-9DD0-C5A2546A1846}.Release|Any CPU.ActiveCfg = Release|Any CPU
		{1108925D-16F3-4D43-9DD0-C5A2546A1846}.Release|Any CPU.Build.0 = Release|Any CPU
	EndGlobalSection
	GlobalSection(SolutionProperties) = preSolution
		HideSolutionNode = FALSE
	EndGlobalSection
	GlobalSection(NestedProjects) = preSolution
		{1108925D-16F3-4D43-9DD0-C5A2546A1846} = {ED11D727-2C0E-4877-B71B-EEED28A7C9F2}
	EndGlobalSection
EndGlobal
